
Microsoft Visual Studio Solution File, Format Version 12.00
# Visual Studio Version 17
VisualStudioVersion = 17.13.35806.99
MinimumVisualStudioVersion = 10.0.40219.1
Project("{2150E333-8FDC-42A3-9474-1A3956D46DE8}") = "aspire", "aspire", "{02EA681E-C7D8-13C7-8484-4AC65E1B71E8}"
EndProject
Project("{FAE04EC0-301F-11D3-BF4B-00C04F79EFBC}") = "Neoledge.NxC.AppHost", "src\aspire\Neoledge.NxC.AppHost\Neoledge.NxC.AppHost.csproj", "{532FC4C7-6951-6A47-BB65-C78B53310FBC}"
EndProject
Project("{FAE04EC0-301F-11D3-BF4B-00C04F79EFBC}") = "Neoledge.NxC.ServiceDefaults", "src\aspire\Neoledge.NxC.ServiceDefaults\Neoledge.NxC.ServiceDefaults.csproj", "{4E9FD57D-D33A-AD61-9BD8-1D6D78210289}"
EndProject
Project("{2150E333-8FDC-42A3-9474-1A3956D46DE8}") = "src", "src", "{13109E7A-4908-4BCD-B6E3-DC2D4F5C43D8}"
EndProject
Project("{2150E333-8FDC-42A3-9474-1A3956D46DE8}") = "api", "api", "{89C77794-49A2-44B3-9FF1-E260A2CD1E75}"
EndProject
Project("{FAE04EC0-301F-11D3-BF4B-00C04F79EFBC}") = "Neoledge.NxC.Api", "src\api\Neoledge.NxC.Api\Neoledge.NxC.Api.csproj", "{88C92A61-BC72-9239-66A0-9F3D6710B406}"
EndProject
Project("{2150E333-8FDC-42A3-9474-1A3956D46DE8}") = "db", "db", "{4AE95D1B-EED8-4DF1-8AF1-830C7CB5E3D2}"
EndProject
Project("{FAE04EC0-301F-11D3-BF4B-00C04F79EFBC}") = "Neoledge.NxC.DatabaseMigrationService", "src\db\Neoledge.NxC.DatabaseMigrationService\Neoledge.NxC.DatabaseMigrationService.csproj", "{0869EAB5-CA0C-03DB-46D5-2A00CA78C49D}"
EndProject
Project("{FAE04EC0-301F-11D3-BF4B-00C04F79EFBC}") = "Neoledge.NxC.Database", "src\db\Neoledge.NxC.Database\Neoledge.NxC.Database.csproj", "{2E26B149-4595-ECED-74B3-5BE800B35628}"
EndProject
Project("{2150E333-8FDC-42A3-9474-1A3956D46DE8}") = "service", "service", "{419D2FA9-354C-46F7-9972-D0B2F2EC1A34}"
EndProject
Project("{FAE04EC0-301F-11D3-BF4B-00C04F79EFBC}") = "Neoledge.NxC.Service.Certificate", "src\service\Neoledge.NxC.Service.Certificate\Neoledge.NxC.Service.Certificate.csproj", "{0D6845CA-AA66-97A4-D9F3-8A751679188E}"
EndProject
Project("{FAE04EC0-301F-11D3-BF4B-00C04F79EFBC}") = "Neoledge.NxC.Service.Cryptography", "src\service\Neoledge.NxC.Service.Cryptography\Neoledge.NxC.Service.Cryptography.csproj", "{6973437B-08A9-B50B-9D94-ABE0F50A9D97}"
EndProject
Project("{2150E333-8FDC-42A3-9474-1A3956D46DE8}") = "model", "model", "{3FEE4208-90CD-4006-A2A4-CC632496958E}"
EndProject
Project("{FAE04EC0-301F-11D3-BF4B-00C04F79EFBC}") = "Neoledge.NxC.Service.MinoStorage", "src\service\Neoledge.NxC.Service.MinoStorage\Neoledge.NxC.Service.MinoStorage.csproj", "{34D4AFA1-B12D-46A2-A57D-60E0962C2A05}"
EndProject
Project("{FAE04EC0-301F-11D3-BF4B-00C04F79EFBC}") = "Neoledge.NxC.Aspire.Minio.Hosting", "src\aspire\Neoledge.NxC.Aspire.Minio.Hosting\Neoledge.NxC.Aspire.Minio.Hosting.csproj", "{89608189-456A-2B75-C9F6-E89B65158554}"
EndProject
Project("{FAE04EC0-301F-11D3-BF4B-00C04F79EFBC}") = "Neoledge.NxC.Repository", "src\db\Neoledge.NxC.Repository\Neoledge.NxC.Repository.csproj", "{007F1E33-AA91-48C2-9DA3-AFC1C802F542}"
EndProject
Project("{FAE04EC0-301F-11D3-BF4B-00C04F79EFBC}") = "Neoledge.Nxc.Service.ApiConnector", "src\service\Neoledge.Nxc.Service.ApiConnector\Neoledge.Nxc.Service.ApiConnector.csproj", "{80DA7075-9775-4857-8BFB-ADB66EDA5BC8}"
EndProject
Project("{FAE04EC0-301F-11D3-BF4B-00C04F79EFBC}") = "Neoledge.Nxc.Domain", "src\model\Neoledge.Nxc.Domain\Neoledge.Nxc.Domain.csproj", "{76AEF196-7799-423E-B721-DED99DE69B82}"
EndProject
Project("{FAE04EC0-301F-11D3-BF4B-00C04F79EFBC}") = "Neoledge.NxC.Service.NxC", "src\service\Neoledge.NxC.Service.NxC\Neoledge.NxC.Service.NxC.csproj", "{54F942A9-E145-40F8-BEB6-27CBF4ED5934}"
EndProject
Global
	GlobalSection(SolutionConfigurationPlatforms) = preSolution
		Debug|Any CPU = Debug|Any CPU
		Release|Any CPU = Release|Any CPU
	EndGlobalSection
	GlobalSection(ProjectConfigurationPlatforms) = postSolution
		{532FC4C7-6951-6A47-BB65-C78B53310FBC}.Debug|Any CPU.ActiveCfg = Debug|Any CPU
		{532FC4C7-6951-6A47-BB65-C78B53310FBC}.Debug|Any CPU.Build.0 = Debug|Any CPU
		{532FC4C7-6951-6A47-BB65-C78B53310FBC}.Release|Any CPU.ActiveCfg = Release|Any CPU
		{532FC4C7-6951-6A47-BB65-C78B53310FBC}.Release|Any CPU.Build.0 = Release|Any CPU
		{4E9FD57D-D33A-AD61-9BD8-1D6D78210289}.Debug|Any CPU.ActiveCfg = Debug|Any CPU
		{4E9FD57D-D33A-AD61-9BD8-1D6D78210289}.Debug|Any CPU.Build.0 = Debug|Any CPU
		{4E9FD57D-D33A-AD61-9BD8-1D6D78210289}.Release|Any CPU.ActiveCfg = Release|Any CPU
		{4E9FD57D-D33A-AD61-9BD8-1D6D78210289}.Release|Any CPU.Build.0 = Release|Any CPU
		{88C92A61-BC72-9239-66A0-9F3D6710B406}.Debug|Any CPU.ActiveCfg = Debug|Any CPU
		{88C92A61-BC72-9239-66A0-9F3D6710B406}.Debug|Any CPU.Build.0 = Debug|Any CPU
		{88C92A61-BC72-9239-66A0-9F3D6710B406}.Release|Any CPU.ActiveCfg = Release|Any CPU
		{88C92A61-BC72-9239-66A0-9F3D6710B406}.Release|Any CPU.Build.0 = Release|Any CPU
		{0869EAB5-CA0C-03DB-46D5-2A00CA78C49D}.Debug|Any CPU.ActiveCfg = Debug|Any CPU
		{0869EAB5-CA0C-03DB-46D5-2A00CA78C49D}.Debug|Any CPU.Build.0 = Debug|Any CPU
		{0869EAB5-CA0C-03DB-46D5-2A00CA78C49D}.Release|Any CPU.ActiveCfg = Release|Any CPU
		{0869EAB5-CA0C-03DB-46D5-2A00CA78C49D}.Release|Any CPU.Build.0 = Release|Any CPU
		{2E26B149-4595-ECED-74B3-5BE800B35628}.Debug|Any CPU.ActiveCfg = Debug|Any CPU
		{2E26B149-4595-ECED-74B3-5BE800B35628}.Debug|Any CPU.Build.0 = Debug|Any CPU
		{2E26B149-4595-ECED-74B3-5BE800B35628}.Release|Any CPU.ActiveCfg = Release|Any CPU
		{2E26B149-4595-ECED-74B3-5BE800B35628}.Release|Any CPU.Build.0 = Release|Any CPU
		{0D6845CA-AA66-97A4-D9F3-8A751679188E}.Debug|Any CPU.ActiveCfg = Debug|Any CPU
		{0D6845CA-AA66-97A4-D9F3-8A751679188E}.Debug|Any CPU.Build.0 = Debug|Any CPU
		{0D6845CA-AA66-97A4-D9F3-8A751679188E}.Release|Any CPU.ActiveCfg = Release|Any CPU
		{0D6845CA-AA66-97A4-D9F3-8A751679188E}.Release|Any CPU.Build.0 = Release|Any CPU
		{6973437B-08A9-B50B-9D94-ABE0F50A9D97}.Debug|Any CPU.ActiveCfg = Debug|Any CPU
		{6973437B-08A9-B50B-9D94-ABE0F50A9D97}.Debug|Any CPU.Build.0 = Debug|Any CPU
		{6973437B-08A9-B50B-9D94-ABE0F50A9D97}.Release|Any CPU.ActiveCfg = Release|Any CPU
		{6973437B-08A9-B50B-9D94-ABE0F50A9D97}.Release|Any CPU.Build.0 = Release|Any CPU
		{34D4AFA1-B12D-46A2-A57D-60E0962C2A05}.Debug|Any CPU.ActiveCfg = Debug|Any CPU
		{34D4AFA1-B12D-46A2-A57D-60E0962C2A05}.Debug|Any CPU.Build.0 = Debug|Any CPU
		{34D4AFA1-B12D-46A2-A57D-60E0962C2A05}.Release|Any CPU.ActiveCfg = Release|Any CPU
		{34D4AFA1-B12D-46A2-A57D-60E0962C2A05}.Release|Any CPU.Build.0 = Release|Any CPU
		{89608189-456A-2B75-C9F6-E89B65158554}.Debug|Any CPU.ActiveCfg = Debug|Any CPU
		{89608189-456A-2B75-C9F6-E89B65158554}.Debug|Any CPU.Build.0 = Debug|Any CPU
		{89608189-456A-2B75-C9F6-E89B65158554}.Release|Any CPU.ActiveCfg = Release|Any CPU
		{89608189-456A-2B75-C9F6-E89B65158554}.Release|Any CPU.Build.0 = Release|Any CPU
		{007F1E33-AA91-48C2-9DA3-AFC1C802F542}.Debug|Any CPU.ActiveCfg = Debug|Any CPU
		{007F1E33-AA91-48C2-9DA3-AFC1C802F542}.Debug|Any CPU.Build.0 = Debug|Any CPU
		{007F1E33-AA91-48C2-9DA3-AFC1C802F542}.Release|Any CPU.ActiveCfg = Release|Any CPU
		{007F1E33-AA91-48C2-9DA3-AFC1C802F542}.Release|Any CPU.Build.0 = Release|Any CPU
		{80DA7075-9775-4857-8BFB-ADB66EDA5BC8}.Debug|Any CPU.ActiveCfg = Debug|Any CPU
		{80DA7075-9775-4857-8BFB-ADB66EDA5BC8}.Debug|Any CPU.Build.0 = Debug|Any CPU
		{80DA7075-9775-4857-8BFB-ADB66EDA5BC8}.Release|Any CPU.ActiveCfg = Release|Any CPU
		{80DA7075-9775-4857-8BFB-ADB66EDA5BC8}.Release|Any CPU.Build.0 = Release|Any CPU
		{76AEF196-7799-423E-B721-DED99DE69B82}.Debug|Any CPU.ActiveCfg = Debug|Any CPU
		{76AEF196-7799-423E-B721-DED99DE69B82}.Debug|Any CPU.Build.0 = Debug|Any CPU
		{76AEF196-7799-423E-B721-DED99DE69B82}.Release|Any CPU.ActiveCfg = Release|Any CPU
		{76AEF196-7799-423E-B721-DED99DE69B82}.Release|Any CPU.Build.0 = Release|Any CPU
		{54F942A9-E145-40F8-BEB6-27CBF4ED5934}.Debug|Any CPU.ActiveCfg = Debug|Any CPU
		{54F942A9-E145-40F8-BEB6-27CBF4ED5934}.Debug|Any CPU.Build.0 = Debug|Any CPU
		{54F942A9-E145-40F8-BEB6-27CBF4ED5934}.Release|Any CPU.ActiveCfg = Release|Any CPU
		{54F942A9-E145-40F8-BEB6-27CBF4ED5934}.Release|Any CPU.Build.0 = Release|Any CPU
	EndGlobalSection
	GlobalSection(SolutionProperties) = preSolution
		HideSolutionNode = FALSE
	EndGlobalSection
	GlobalSection(NestedProjects) = preSolution
		{532FC4C7-6951-6A47-BB65-C78B53310FBC} = {02EA681E-C7D8-13C7-8484-4AC65E1B71E8}
		{4E9FD57D-D33A-AD61-9BD8-1D6D78210289} = {02EA681E-C7D8-13C7-8484-4AC65E1B71E8}
		{89C77794-49A2-44B3-9FF1-E260A2CD1E75} = {13109E7A-4908-4BCD-B6E3-DC2D4F5C43D8}
		{88C92A61-BC72-9239-66A0-9F3D6710B406} = {89C77794-49A2-44B3-9FF1-E260A2CD1E75}
		{4AE95D1B-EED8-4DF1-8AF1-830C7CB5E3D2} = {13109E7A-4908-4BCD-B6E3-DC2D4F5C43D8}
		{0869EAB5-CA0C-03DB-46D5-2A00CA78C49D} = {4AE95D1B-EED8-4DF1-8AF1-830C7CB5E3D2}
		{2E26B149-4595-ECED-74B3-5BE800B35628} = {4AE95D1B-EED8-4DF1-8AF1-830C7CB5E3D2}
		{419D2FA9-354C-46F7-9972-D0B2F2EC1A34} = {13109E7A-4908-4BCD-B6E3-DC2D4F5C43D8}
		{0D6845CA-AA66-97A4-D9F3-8A751679188E} = {419D2FA9-354C-46F7-9972-D0B2F2EC1A34}
		{6973437B-08A9-B50B-9D94-ABE0F50A9D97} = {419D2FA9-354C-46F7-9972-D0B2F2EC1A34}
		{3FEE4208-90CD-4006-A2A4-CC632496958E} = {13109E7A-4908-4BCD-B6E3-DC2D4F5C43D8}
		{34D4AFA1-B12D-46A2-A57D-60E0962C2A05} = {419D2FA9-354C-46F7-9972-D0B2F2EC1A34}
		{89608189-456A-2B75-C9F6-E89B65158554} = {02EA681E-C7D8-13C7-8484-4AC65E1B71E8}
		{007F1E33-AA91-48C2-9DA3-AFC1C802F542} = {4AE95D1B-EED8-4DF1-8AF1-830C7CB5E3D2}
		{80DA7075-9775-4857-8BFB-ADB66EDA5BC8} = {419D2FA9-354C-46F7-9972-D0B2F2EC1A34}
		{76AEF196-7799-423E-B721-DED99DE69B82} = {3FEE4208-90CD-4006-A2A4-CC632496958E}
		{54F942A9-E145-40F8-BEB6-27CBF4ED5934} = {419D2FA9-354C-46F7-9972-D0B2F2EC1A34}
	EndGlobalSection
	GlobalSection(ExtensibilityGlobals) = postSolution
		SolutionGuid = {7BC88447-F37B-4433-9D69-CD7359E7855E}
	EndGlobalSection
EndGlobal
